{
  "name": "inputmask",
  "version": "4.0.1-11",
  "lockfileVersion": 1,
  "requires": true,
  "dependencies": {
    "babel-core": {
      "version": "6.25.0",
      "resolved": "https://registry.npmjs.org/babel-core/-/babel-core-6.25.0.tgz",
      "integrity": "sha1-fdQrBGPHQunVKW3rPsZ6kyLa1yk=",
      "dev": true,
      "dependencies": {
        "babel-generator": {
          "version": "6.25.0",
          "resolved": "https://registry.npmjs.org/babel-generator/-/babel-generator-6.25.0.tgz",
          "integrity": "sha1-M6GvcNXyiQrrRlpKd5PB32qeqfw="
        },
        "babel-helpers": {
          "version": "6.24.1",
          "resolved": "https://registry.npmjs.org/babel-helpers/-/babel-helpers-6.24.1.tgz",
          "integrity": "sha1-NHHenK7DiOXIUOWX5Yom3fN2ArI="
        },
        "babel-register": {
          "version": "6.24.1",
          "resolved": "https://registry.npmjs.org/babel-register/-/babel-register-6.24.1.tgz",
          "integrity": "sha1-fhDhOi9xBlvfrVoXh7pFvKbe118="
        },
        "babel-template": {
          "version": "6.25.0",
          "resolved": "https://registry.npmjs.org/babel-template/-/babel-template-6.25.0.tgz",
          "integrity": "sha1-ZlJBFmt8KqTGGdceGSlpVSsQwHE="
        },
        "babel-traverse": {
          "version": "6.25.0",
          "resolved": "https://registry.npmjs.org/babel-traverse/-/babel-traverse-6.25.0.tgz",
          "integrity": "sha1-IldJfi/NGbie3BPEyROB+VEklvE="
        },
        "babel-types": {
          "version": "6.25.0",
          "resolved": "https://registry.npmjs.org/babel-types/-/babel-types-6.25.0.tgz",
          "integrity": "sha1-cK+ySNVmDl0Y+BHZHIMDtUE0oY4="
        },
        "babylon": {
          "version": "6.17.2",
          "resolved": "https://registry.npmjs.org/babylon/-/babylon-6.17.2.tgz",
          "integrity": "sha1-IB0l71+JLEG65JSIsI2w3Udun1w="
        }
      }
    },
    "babel-loader": {
      "version": "6.4.1",
      "resolved": "https://registry.npmjs.org/babel-loader/-/babel-loader-6.4.1.tgz",
      "integrity": "sha1-CzQRLVsHSKjc2/Uaz2+b1C1QuMo=",
      "dev": true
    },
    "babel-preset-env": {
      "version": "1.5.2",
      "resolved": "https://registry.npmjs.org/babel-preset-env/-/babel-preset-env-1.5.2.tgz",
      "integrity": "sha1-zUrpCm6Utwn5c3SzPl+LmDVWre8=",
      "dev": true,
      "dependencies": {
        "browserslist": {
          "version": "2.1.5",
          "resolved": "https://registry.npmjs.org/browserslist/-/browserslist-2.1.5.tgz",
          "integrity": "sha1-6IJVDfPRzW1IHBo+ADjyuvE6RxE="
        },
        "electron-to-chromium": {
          "version": "1.3.14",
          "resolved": "https://registry.npmjs.org/electron-to-chromium/-/electron-to-chromium-1.3.14.tgz",
          "integrity": "sha1-ZK8Pnv08PGrNV9cfg7Scp+6cS0M="
        }
      }
    },
    "caniuse-db": {
      "version": "1.0.30000680",
      "resolved": "https://registry.npmjs.org/caniuse-db/-/caniuse-db-1.0.30000680.tgz",
      "integrity": "sha1-126+quuC49mVK/3FwjHE+DzUgUQ=",
      "dev": true
    },
    "css-loader": {
      "version": "0.28.4",
      "resolved": "https://registry.npmjs.org/css-loader/-/css-loader-0.28.4.tgz",
      "integrity": "sha1-bPNXkZLONV6LONX0Ldeh8uyJjQ8=",
      "dev": true,
      "dependencies": {
        "loader-utils": {
          "version": "1.1.0",
          "resolved": "https://registry.npmjs.org/loader-utils/-/loader-utils-1.1.0.tgz",
          "integrity": "sha1-yYrvSIvM7aL/teLeZG1qdUQp9c0="
        }
      }
    },
    "grunt": {
      "version": "1.0.1",
      "resolved": "https://registry.npmjs.org/grunt/-/grunt-1.0.1.tgz",
      "integrity": "sha1-6HeHZOlEsY8yuw8QuQeEdcnftWs=",
      "dev": true,
      "dependencies": {
        "dateformat": {
          "version": "https://registry.npmjs.org/dateformat/-/dateformat-1.0.12.tgz",
          "integrity": "sha1-nxJLZ1lMk3/3BpMuSmQsyo27/uk=",
          "dependencies": {
            "meow": {
              "version": "https://registry.npmjs.org/meow/-/meow-3.7.0.tgz",
              "integrity": "sha1-cstmi0JSKCkKu/qFaJJYcwioAfs=",
              "dependencies": {
                "normalize-package-data": {
                  "version": "https://registry.npmjs.org/normalize-package-data/-/normalize-package-data-2.3.6.tgz",
                  "integrity": "sha1-SY+kIMlkAfeHQCuiHmAN75+YH/8="
                },
                "redent": {
                  "version": "https://registry.npmjs.org/redent/-/redent-1.0.0.tgz",
                  "integrity": "sha1-z5Fqsf1fHxbfsggi3W7H9zDCr94="
                }
              }
            }
          }
        },
        "grunt-legacy-util": {
          "version": "https://registry.npmjs.org/grunt-legacy-util/-/grunt-legacy-util-1.0.0.tgz",
          "integrity": "sha1-OGqnjcbtUJhsKxiVcmWxtIq7m4Y="
        },
        "js-yaml": {
          "version": "https://registry.npmjs.org/js-yaml/-/js-yaml-3.5.5.tgz",
          "integrity": "sha1-A3fDgBfKvHMisNH7zSWkkWQfL74="
        },
        "lodash": {
          "version": "https://registry.npmjs.org/lodash/-/lodash-4.3.0.tgz",
          "integrity": "sha1-79nEpuxT87BUEkKZFcPkgk5NJaQ="
        },
        "minimist": {
          "version": "https://registry.npmjs.org/minimist/-/minimist-1.2.0.tgz",
          "integrity": "sha1-o1AIsg9BOD7sH7kU9M1d95omQoQ="
        }
      }
    },
    "grunt-available-tasks": {
      "version": "0.6.3",
      "resolved": "https://registry.npmjs.org/grunt-available-tasks/-/grunt-available-tasks-0.6.3.tgz",
      "integrity": "sha1-W+f2/dp3a4CnsnKiH2i9MFD4ImA=",
      "dev": true
    },
    "grunt-browserify": {
      "version": "5.0.0",
      "resolved": "https://registry.npmjs.org/grunt-browserify/-/grunt-browserify-5.0.0.tgz",
      "integrity": "sha1-HTM8qYvaxEV29kbg1mgAh8v4xhU=",
      "dev": true,
      "dependencies": {
        "glob": {
          "version": "https://registry.npmjs.org/glob/-/glob-6.0.4.tgz",
          "integrity": "sha1-DwiGD2oVUSey+t1PnOJLGqtuTSI="
        },
        "lodash": {
          "version": "https://registry.npmjs.org/lodash/-/lodash-3.10.1.tgz",
          "integrity": "sha1-W/Rejkm6QYnhfUgnid/RW9FAt7Y="
        }
      }
    },
    "grunt-bump": {
      "version": "0.8.0",
      "resolved": "https://registry.npmjs.org/grunt-bump/-/grunt-bump-0.8.0.tgz",
      "integrity": "sha1-0//gzzzws44JYHt4U49CpTHq/lU=",
      "dev": true
    },
    "grunt-cli": {
      "version": "1.2.0",
      "resolved": "https://registry.npmjs.org/grunt-cli/-/grunt-cli-1.2.0.tgz",
      "integrity": "sha1-VisRnrsGndtGSs4oRVAb6Xs1tqg=",
      "dev": true
    },
    "grunt-contrib-clean": {
      "version": "1.1.0",
      "resolved": "https://registry.npmjs.org/grunt-contrib-clean/-/grunt-contrib-clean-1.1.0.tgz",
      "integrity": "sha1-Vkq/LQN4qYOhW54/MO51tzjEBjg=",
      "dev": true,
      "dependencies": {
        "rimraf": {
          "version": "2.6.1",
          "resolved": "https://registry.npmjs.org/rimraf/-/rimraf-2.6.1.tgz",
          "integrity": "sha1-wjOOxkPfeht/5cVPqG9XQopV8z0="
        }
      }
    },
    "grunt-contrib-uglify": {
      "version": "2.3.0",
      "resolved": "https://registry.npmjs.org/grunt-contrib-uglify/-/grunt-contrib-uglify-2.3.0.tgz",
      "integrity": "sha1-s9AmDr3WzvoS/y+Onh4ln33kIW8=",
      "dev": true
    },
    "grunt-eslint": {
      "version": "19.0.0",
      "resolved": "https://registry.npmjs.org/grunt-eslint/-/grunt-eslint-19.0.0.tgz",
      "integrity": "sha1-u3TDeQYVmc7B9mFp3vKonYYthhs=",
      "dev": true
    },
    "grunt-karma": {
      "version": "2.0.0",
      "resolved": "https://registry.npmjs.org/grunt-karma/-/grunt-karma-2.0.0.tgz",
      "integrity": "sha1-dTWD0RXf3AVf5X5Y+W1rPH5hIRg=",
      "dev": true,
      "dependencies": {
        "lodash": {
          "version": "https://registry.npmjs.org/lodash/-/lodash-3.10.1.tgz",
          "integrity": "sha1-W/Rejkm6QYnhfUgnid/RW9FAt7Y="
        }
      }
    },
    "grunt-nuget": {
      "version": "0.2.0",
      "resolved": "https://registry.npmjs.org/grunt-nuget/-/grunt-nuget-0.2.0.tgz",
      "integrity": "sha1-QPoxYhzLGHXu1Vgg2/X5fYGgbxE=",
      "dev": true
    },
    "grunt-release": {
      "version": "0.14.0",
      "resolved": "https://registry.npmjs.org/grunt-release/-/grunt-release-0.14.0.tgz",
      "integrity": "sha1-uNYAiJVhlm1g/9zAYGfrAVWX940=",
      "dev": true
    },
    "grunt-shell": {
      "version": "2.1.0",
      "resolved": "https://registry.npmjs.org/grunt-shell/-/grunt-shell-2.1.0.tgz",
      "integrity": "sha1-Q595FZ7RHmSmUaacyKPQK+v17MI=",
      "dev": true
    },
    "grunt-webpack": {
      "version": "3.0.0",
      "resolved": "https://registry.npmjs.org/grunt-webpack/-/grunt-webpack-3.0.0.tgz",
      "integrity": "sha1-qV5eUAXiRYxUVsaKk9pi7LRmli4=",
      "dev": true
    },
    "jqlite": {
      "version": "0.2.42",
      "resolved": "https://registry.npmjs.org/jqlite/-/jqlite-0.2.42.tgz",
      "integrity": "sha1-sHVfgp4pWG3cDrjpOKmjdo1cYHQ=",
      "dev": true
    },
    "jquery": {
      "version": "3.4.0",
      "resolved": "https://registry.npmjs.org/jquery/-/jquery-3.4.0.tgz",
      "integrity": "sha512-ggRCXln9zEqv6OqAGXFEcshF5dSBvCkzj6Gm2gzuR5fWawaX8t7cxKVkkygKODrDAzKdoYw3l/e3pm3vlT4IbQ==",
      "dev": true
    },
    "karma": {
      "version": "1.7.0",
      "resolved": "https://registry.npmjs.org/karma/-/karma-1.7.0.tgz",
      "integrity": "sha1-b3oaQGRG+i4YfslTmGmPTO5HYmk=",
      "dev": true,
      "dependencies": {
        "brace-expansion": {
          "version": "1.1.7",
          "resolved": "https://registry.npmjs.org/brace-expansion/-/brace-expansion-1.1.7.tgz",
          "integrity": "sha1-Pv/DxQ4ABTH7cg6v+A8K6O8jz1k="
        },
        "glob": {
          "version": "7.1.2",
          "resolved": "https://registry.npmjs.org/glob/-/glob-7.1.2.tgz",
          "integrity": "sha512-MJTUg1kjuLeQCJ+ccE4Vpa6kKVXkPYJ2mOCQyUuKLcLQsdrMCpBPUi8qVE6+YuaJkozeA9NusTAw3hLr8Xe5EQ==",
          "dependencies": {
            "minimatch": {
              "version": "3.0.4",
              "resolved": "https://registry.npmjs.org/minimatch/-/minimatch-3.0.4.tgz",
              "integrity": "sha512-yJHVQEhyqPLUTgt9B83PXu6W3rx4MvvHvSUvToogpwoGDOUQ+yDrR0HRot+yOCdCO7u4hX3pWft6kWBBcqh0UA=="
            }
          }
        },
        "lodash": {
          "version": "3.10.1",
          "resolved": "https://registry.npmjs.org/lodash/-/lodash-3.10.1.tgz",
          "integrity": "sha1-W/Rejkm6QYnhfUgnid/RW9FAt7Y="
        },
        "rimraf": {
          "version": "2.6.1",
          "resolved": "https://registry.npmjs.org/rimraf/-/rimraf-2.6.1.tgz",
          "integrity": "sha1-wjOOxkPfeht/5cVPqG9XQopV8z0="
        }
      }
    },
    "karma-chrome-launcher": {
      "version": "2.1.1",
      "resolved": "https://registry.npmjs.org/karma-chrome-launcher/-/karma-chrome-launcher-2.1.1.tgz",
      "integrity": "sha1-IWh5xorATY1RQOmWGboEtZr9Rs8=",
      "dev": true
    },
    "karma-firefox-launcher": {
      "version": "1.0.1",
      "resolved": "https://registry.npmjs.org/karma-firefox-launcher/-/karma-firefox-launcher-1.0.1.tgz",
      "integrity": "sha1-zlj0fCATqIFW1VpdYTN8CZz1u1E=",
      "dev": true
    },
    "karma-ie-launcher": {
      "version": "1.0.0",
      "resolved": "https://registry.npmjs.org/karma-ie-launcher/-/karma-ie-launcher-1.0.0.tgz",
      "integrity": "sha1-SXmGhCxJAZA0bNifVJTKmDDG1Zw=",
      "dev": true
    },
    "karma-phantomjs-launcher": {
      "version": "1.0.4",
      "resolved": "https://registry.npmjs.org/karma-phantomjs-launcher/-/karma-phantomjs-launcher-1.0.4.tgz",
      "integrity": "sha1-0jyjSAG9qYY60xjju0vUBisTrNI=",
      "dev": true,
      "dependencies": {
        "lodash": {
          "version": "https://registry.npmjs.org/lodash/-/lodash-4.17.4.tgz",
          "integrity": "sha1-eCA6TRwyiuHYbcpkYONptX9AVa4="
        },
        "phantomjs-prebuilt": {
          "version": "https://registry.npmjs.org/phantomjs-prebuilt/-/phantomjs-prebuilt-2.1.14.tgz",
          "integrity": "sha1-1T0xH8+30dCN2yQBRVjxGIxRbaA="
        }
      }
    },
    "karma-qunit": {
      "version": "1.2.1",
      "resolved": "https://registry.npmjs.org/karma-qunit/-/karma-qunit-1.2.1.tgz",
      "integrity": "sha1-iCUq/SEnvAOwzDGXjtaIKxOfRwo=",
      "dev": true
    },
    "load-grunt-tasks": {
      "version": "3.5.2",
      "resolved": "https://registry.npmjs.org/load-grunt-tasks/-/load-grunt-tasks-3.5.2.tgz",
      "integrity": "sha1-ByhWEYD9IP+KaSdQWFL8WKrqDIg=",
      "dev": true
    },
    "phantomjs-prebuilt": {
      "version": "2.1.14",
      "resolved": "https://registry.npmjs.org/phantomjs-prebuilt/-/phantomjs-prebuilt-2.1.14.tgz",
      "integrity": "sha1-1T0xH8+30dCN2yQBRVjxGIxRbaA=",
      "dev": true
    },
    "postcss": {
      "version": "5.2.17",
      "resolved": "https://registry.npmjs.org/postcss/-/postcss-5.2.17.tgz",
      "integrity": "sha1-z09Ze4ZNZcikkrLqvp1wbIecOIs=",
      "dev": true,
      "dependencies": {
        "supports-color": {
          "version": "3.2.3",
          "resolved": "https://registry.npmjs.org/supports-color/-/supports-color-3.2.3.tgz",
          "integrity": "sha1-ZawFBLOVQXHYpklGsq48u4pfVPY="
        }
      }
    },
    "postcss-cssnext": {
      "version": "2.11.0",
      "resolved": "https://registry.npmjs.org/postcss-cssnext/-/postcss-cssnext-2.11.0.tgz",
      "integrity": "sha1-MeaPAB5AlgTacDtm3hS4uMjJ8rE=",
      "dev": true
    },
    "postcss-loader": {
      "version": "1.3.3",
      "resolved": "https://registry.npmjs.org/postcss-loader/-/postcss-loader-1.3.3.tgz",
      "integrity": "sha1-piHqH6KQYqg5cqRvVEhncTAZFus=",
      "dev": true,
      "dependencies": {
        "loader-utils": {
          "version": "https://registry.npmjs.org/loader-utils/-/loader-utils-1.1.0.tgz",
          "integrity": "sha1-yYrvSIvM7aL/teLeZG1qdUQp9c0="
        }
      }
    },
    "qunitjs": {
      "version": "2.3.3",
      "resolved": "https://registry.npmjs.org/qunitjs/-/qunitjs-2.3.3.tgz",
      "integrity": "sha1-RWaWvdYaLItbyPBT8A4g11pz1Tk=",
      "dev": true,
      "dependencies": {
        "findup-sync": {
          "version": "0.4.3",
          "resolved": "https://registry.npmjs.org/findup-sync/-/findup-sync-0.4.3.tgz",
          "integrity": "sha1-QAQ5Kee8YK3wt/SCfExudaDeyhI="
        },
        "resolve": {
          "version": "1.3.2",
          "resolved": "https://registry.npmjs.org/resolve/-/resolve-1.3.2.tgz",
          "integrity": "sha1-HwRCyeDLuBNuh7kwX5MvRsfygjU="
        }
      }
    },
    "source-map-loader": {
      "version": "0.2.1",
      "resolved": "https://registry.npmjs.org/source-map-loader/-/source-map-loader-0.2.1.tgz",
      "integrity": "sha1-SBJr6SML1H+tBeRqjDwuPS2r5Qc=",
      "dev": true,
      "dependencies": {
        "async": {
          "version": "https://registry.npmjs.org/async/-/async-0.9.2.tgz",
          "integrity": "sha1-rqdNXmHB+JlhO/ZL2mbUx48v0X0="
        },
        "source-map": {
          "version": "https://registry.npmjs.org/source-map/-/source-map-0.1.43.tgz",
          "integrity": "sha1-wkvBRspRfBRx9drL4lcbK3+eM0Y="
        }
      }
    },
    "style-loader": {
      "version": "0.16.1",
      "resolved": "https://registry.npmjs.org/style-loader/-/style-loader-0.16.1.tgz",
      "integrity": "sha1-UOMlJY1OeEId2WgGNrQehmFZXRA=",
      "dev": true,
      "dependencies": {
        "loader-utils": {
          "version": "https://registry.npmjs.org/loader-utils/-/loader-utils-1.1.0.tgz",
          "integrity": "sha1-yYrvSIvM7aL/teLeZG1qdUQp9c0="
        }
      }
    },
    "webpack": {
      "version": "2.6.1",
      "resolved": "https://registry.npmjs.org/webpack/-/webpack-2.6.1.tgz",
      "integrity": "sha1-LgRX8KuxrF3zqxBsacZy8jZ4Xwc=",
      "dev": true,
      "dependencies": {
        "acorn": {
          "version": "5.0.3",
          "resolved": "https://registry.npmjs.org/acorn/-/acorn-5.0.3.tgz",
          "integrity": "sha1-xGDfCEkUY/AozLguqzcwvwEIez0="
        },
        "async": {
          "version": "2.4.1",
          "resolved": "https://registry.npmjs.org/async/-/async-2.4.1.tgz",
          "integrity": "sha1-YqVrJ5yYoR0JhwlqAcw+6463u9c="
        },
        "camelcase": {
          "version": "1.2.1",
          "resolved": "https://registry.npmjs.org/camelcase/-/camelcase-1.2.1.tgz",
          "integrity": "sha1-m7UwTS4LVmmLLHWLCKPqqdqlijk="
        },
        "supports-color": {
          "version": "3.2.3",
          "resolved": "https://registry.npmjs.org/supports-color/-/supports-color-3.2.3.tgz",
          "integrity": "sha1-ZawFBLOVQXHYpklGsq48u4pfVPY="
        },
        "uglify-js": {
          "version": "2.8.28",
          "resolved": "https://registry.npmjs.org/uglify-js/-/uglify-js-2.8.28.tgz",
          "integrity": "sha512-WqKNbmNJKzIdIEQu/U2ytgGBbhCy2PVks94GoetczOAJ/zCgVu2CuO7gguI5KPFGPtUtI1dmPQl6h0D4cPzypA==",
          "dependencies": {
            "yargs": {
              "version": "3.10.0",
              "resolved": "https://registry.npmjs.org/yargs/-/yargs-3.10.0.tgz",
              "integrity": "sha1-9+572FfdfB0tOMDnTvvWgdFDH9E="
            }
          }
        },
        "yargs": {
          "version": "6.6.0",
          "resolved": "https://registry.npmjs.org/yargs/-/yargs-6.6.0.tgz",
          "integrity": "sha1-eC7CHvQDNF+DCoCMo9UTr1YGUgg=",
          "dependencies": {
            "camelcase": {
              "version": "3.0.0",
              "resolved": "https://registry.npmjs.org/camelcase/-/camelcase-3.0.0.tgz",
              "integrity": "sha1-MvxLn82vhF/N9+c7uXysImHwqwo="
            },
            "cliui": {
              "version": "3.2.0",
              "resolved": "https://registry.npmjs.org/cliui/-/cliui-3.2.0.tgz",
              "integrity": "sha1-EgYBU3qRbSmUD5NNo7SNWFo5IT0="
            }
          }
        }
      }
    }
  }
}
